{
  "name": "sc2002-assignment",
  "lockfileVersion": 3,
  "requires": true,
  "packages": {
    "": {
      "dependencies": {
        "vditor": "^3.10.7"
      }
    },
    "node_modules/diff-match-patch": {
      "version": "1.0.5",
      "resolved": "https://registry.npmjs.org/diff-match-patch/-/diff-match-patch-1.0.5.tgz",
      "integrity": "sha512-IayShXAgj/QMXgB0IWmKx+rOPuGMhqm5w6jvFxmVenXKIzRqTAAsbBPT3kWQeGANj3jGgvcvv4yK6SxqYmikgw==",
      "license": "Apache-2.0"
    },
    "node_modules/vditor": {
      "version": "3.10.7",
      "resolved": "https://registry.npmjs.org/vditor/-/vditor-3.10.7.tgz",
      "integrity": "sha512-n+ZM1IgLJzUGZeXzQT4xKbUwCplSFoRlsnmMvLv2kMPLnUTMk9O2qV8nMEOahYed0xExhQZtVb6TKeavgA6w3w==",
      "license": "MIT",
      "dependencies": {
        "diff-match-patch": "^1.0.5"
      },
      "funding": {
        "url": "https://ld246.com/sponsor"
      }
    }
  }
}
